
Microsoft Visual Studio Solution File, Format Version 12.00
# Visual Studio Version 17
VisualStudioVersion = 17.4.33110.190
MinimumVisualStudioVersion = 10.0.40219.1
Project("{9A19103F-16F7-4668-BE54-9A1E7A4F7556}") = "KtoTiVoin", "KtoTiVoin\KtoTiVoin.csproj", "{FEEBFFF6-2233-4446-8985-DE86BC9CD7AA}"
EndProject
Project("{FAE04EC0-301F-11D3-BF4B-00C04F79EFBC}") = "Ivan", "ConsoleApp6\Ivan.csproj", "{E772FDEC-3B23-4C22-AA1C-912DF2F0B32D}"
EndProject
Project("{FAE04EC0-301F-11D3-BF4B-00C04F79EFBC}") = "CashForCoin", "CashForCoin\CashForCoin.csproj", "{E6F165B5-6CA9-4958-B243-D8C6C4448419}"
EndProject
Global
	GlobalSection(SolutionConfigurationPlatforms) = preSolution
		Debug|Any CPU = Debug|Any CPU
		Release|Any CPU = Release|Any CPU
	EndGlobalSection
	GlobalSection(ProjectConfigurationPlatforms) = postSolution
		{FEEBFFF6-2233-4446-8985-DE86BC9CD7AA}.Debug|Any CPU.ActiveCfg = Debug|Any CPU
		{FEEBFFF6-2233-4446-8985-DE86BC9CD7AA}.Debug|Any CPU.Build.0 = Debug|Any CPU
		{FEEBFFF6-2233-4446-8985-DE86BC9CD7AA}.Release|Any CPU.ActiveCfg = Release|Any CPU
		{FEEBFFF6-2233-4446-8985-DE86BC9CD7AA}.Release|Any CPU.Build.0 = Release|Any CPU
		{E772FDEC-3B23-4C22-AA1C-912DF2F0B32D}.Debug|Any CPU.ActiveCfg = Debug|Any CPU
		{E772FDEC-3B23-4C22-AA1C-912DF2F0B32D}.Debug|Any CPU.Build.0 = Debug|Any CPU
		{E772FDEC-3B23-4C22-AA1C-912DF2F0B32D}.Release|Any CPU.ActiveCfg = Release|Any CPU
		{E772FDEC-3B23-4C22-AA1C-912DF2F0B32D}.Release|Any CPU.Build.0 = Release|Any CPU
		{E6F165B5-6CA9-4958-B243-D8C6C4448419}.Debug|Any CPU.ActiveCfg = Debug|Any CPU
		{E6F165B5-6CA9-4958-B243-D8C6C4448419}.Debug|Any CPU.Build.0 = Debug|Any CPU
		{E6F165B5-6CA9-4958-B243-D8C6C4448419}.Release|Any CPU.ActiveCfg = Release|Any CPU
		{E6F165B5-6CA9-4958-B243-D8C6C4448419}.Release|Any CPU.Build.0 = Release|Any CPU
	EndGlobalSection
	GlobalSection(SolutionProperties) = preSolution
		HideSolutionNode = FALSE
	EndGlobalSection
	GlobalSection(ExtensibilityGlobals) = postSolution
		SolutionGuid = {4262782F-AD99-4D38-8597-05DAB16A1183}
	EndGlobalSection
EndGlobal
