
Microsoft Visual Studio Solution File, Format Version 12.00
# Visual Studio Version 17
VisualStudioVersion = 17.4.33110.190
MinimumVisualStudioVersion = 10.0.40219.1
Project("{FAE04EC0-301F-11D3-BF4B-00C04F79EFBC}") = "ConsoleApp1", "ConsoleApp1\ConsoleApp1.csproj", "{FD795159-7127-49A6-8DB2-C650D5D522C9}"
EndProject
Global
	GlobalSection(SolutionConfigurationPlatforms) = preSolution
		Debug|Any CPU = Debug|Any CPU
		Release|Any CPU = Release|Any CPU
	EndGlobalSection
	GlobalSection(ProjectConfigurationPlatforms) = postSolution
		{FD795159-7127-49A6-8DB2-C650D5D522C9}.Debug|Any CPU.ActiveCfg = Debug|Any CPU
		{FD795159-7127-49A6-8DB2-C650D5D522C9}.Debug|Any CPU.Build.0 = Debug|Any CPU
		{FD795159-7127-49A6-8DB2-C650D5D522C9}.Release|Any CPU.ActiveCfg = Release|Any CPU
		{FD795159-7127-49A6-8DB2-C650D5D522C9}.Release|Any CPU.Build.0 = Release|Any CPU
	EndGlobalSection
	GlobalSection(SolutionProperties) = preSolution
		HideSolutionNode = FALSE
	EndGlobalSection
	GlobalSection(ExtensibilityGlobals) = postSolution
		SolutionGuid = {4262782F-AD99-4D38-8597-05DAB16A1183}
	EndGlobalSection
EndGlobal
